Microsoft Visual Studio Solution File, Format Version 12.00
# Visual Studio Version 17
VisualStudioVersion = 17.0.31903.59
MinimumVisualStudioVersion = 10.0.40219.1
Global
	GlobalSection(SolutionConfigurationPlatforms) = preSolution
		Debug|Any CPU = Debug|Any CPU
		Release|Any CPU = Release|Any CPU
	EndGlobalSection
	GlobalSection(ProjectConfigurationPlatforms) = postSolution
		{C92C9D86-5719-41F7-A28E-7D7C5965B2B5}.Debug|Any CPU.ActiveCfg = Debug|Any CPU
		{C92C9D86-5719-41F7-A28E-7D7C5965B2B5}.Debug|Any CPU.Build.0 = Debug|Any CPU
		{C92C9D86-5719-41F7-A28E-7D7C5965B2B5}.Release|Any CPU.ActiveCfg = Release|Any CPU
		{C92C9D86-5719-41F7-A28E-7D7C5965B2B5}.Release|Any CPU.Build.0 = Release|Any CPU
	EndGlobalSection
	GlobalSection(SolutionProperties) = preSolution
		HideSolutionNode = FALSE
	EndGlobalSection
	GlobalSection(NestedProjects) = preSolution
	EndGlobalSection
	GlobalSection(ExtensibilityGlobals) = postSolution
		SolutionGuid = {6E6BCFC5-76D6-4CB8-BE1A-3F1023F05396}
	EndGlobalSection
	GlobalSection(ExtensibilityAddIns) = postSolution
	EndGlobalSection
	Project("{FAE04EC0-301F-11D3-BF4B-00C04F79EFBC}") = "PlataformaTCC", "plataforma-tcc.csproj", "{C92C9D86-5719-41F7-A28E-7D7C5965B2B5}"
	EndProject
EndGlobal
